
Microsoft Visual Studio Solution File, Format Version 12.00
# Visual Studio Version 17
VisualStudioVersion = 17.5.33424.131
MinimumVisualStudioVersion = 10.0.40219.1
Project("{FAE04EC0-301F-11D3-BF4B-00C04F79EFBC}") = "Lab04-C", "Lab04-C\Lab04-C.csproj", "{15526CF8-68CB-475D-9905-517B51D4C05C}"
EndProject
Global
	GlobalSection(SolutionConfigurationPlatforms) = preSolution
		Debug|Any CPU = Debug|Any CPU
		Release|Any CPU = Release|Any CPU
	EndGlobalSection
	GlobalSection(ProjectConfigurationPlatforms) = postSolution
		{15526CF8-68CB-475D-9905-517B51D4C05C}.Debug|Any CPU.ActiveCfg = Debug|Any CPU
		{15526CF8-68CB-475D-9905-517B51D4C05C}.Debug|Any CPU.Build.0 = Debug|Any CPU
		{15526CF8-68CB-475D-9905-517B51D4C05C}.Release|Any CPU.ActiveCfg = Release|Any CPU
		{15526CF8-68CB-475D-9905-517B51D4C05C}.Release|Any CPU.Build.0 = Release|Any CPU
	EndGlobalSection
	GlobalSection(SolutionProperties) = preSolution
		HideSolutionNode = FALSE
	EndGlobalSection
	GlobalSection(ExtensibilityGlobals) = postSolution
		SolutionGuid = {E1757269-ED18-4ECE-B975-88A0E8AC188F}
	EndGlobalSection
EndGlobal
